[[plugins]]
git = "https://github.com/org-aio/aio-plugin-platform-links.git"
revision = "8be1263cd6a5e366fbe8ff2bf5a1f95580ccaa0a"
directory = "aio-plugin-platform-links-4c098393"

[plugins.client]
package = "aio-plugin-platform-links"
dependency = "aio_plugin_platform_links"
package_path = "."

[[plugins]]
git = "https://github.com/org-aio/aio-plugin-device.git"
revision = "32b639b63b7444a5f21e10421c553c2c636794e5"
directory = "aio-plugin-device-3fc9fd72"

[plugins.client]
package = "aio-plugin-device-client"
dependency = "aio_plugin_device_client"
package_path = "web-client"
